{
    "_meta": {
        "hash": {
            "sha256": "aaa328c9d7a97907356fe549c40820999e78f97fbb9db1b1be4491cc97d2cb07"
        },
        "pipfile-spec": 6,
        "requires": {
            "python_version": "3.7"
        },
        "sources": [
            {
                "name": "pypi",
                "url": "https://pypi.org/simple",
                "verify_ssl": true
            }
        ]
    },
    "default": {
        "zc.buildout": {
            "hashes": [
                "sha256:5dd4de86dda684c46ef8ee9cc84e335ca7f6275d4363a684de82225270d1e328"
            ],
            "index": "pypi",
            "version": "==2.13.2"
        }
    },
    "develop": {}
}
